{
  "nodes": {
    "chatgpt-deb": {
      "flake": false,
      "locked": {
        "narHash": "sha256-QTs3gEqxzuEEGiCK35IAyASac+gM0ttJPtf8DQsNjQM=",
        "type": "file",
        "url": "https://persistent.oaistatic.com/codex-app-prod/linux/deb/latest/chatgpt_amd64.deb"
      },
      "original": {
        "type": "file",
        "url": "https://persistent.oaistatic.com/codex-app-prod/linux/deb/latest/chatgpt_amd64.deb"
      }
    },
    "clipboard-sync-src": {
      "inputs": {
        "nixpkgs": "nixpkgs"
      },
      "locked": {
        "exportIgnore": true,
        "lastModified": 1787931222,
        "narHash": "sha256-uo45KZr9SrWEOtR9vxet/krVx4mcJa4cOS08/mK7pF4=",
        "ref": "master",
        "rev": "c040db622c79144a58a13e9de8f82b2ddee79324",
        "revCount": 86,
        "type": "git",
        "url": "ssh://git@github.com/liu0fanyi/clipboard-sync.git"
      },
      "original": {
        "exportIgnore": true,
        "ref": "master",
        "type": "git",
        "url": "ssh://git@github.com/liu0fanyi/clipboard-sync.git"
      }
    },
    "codex-cli-nix": {
      "inputs": {
        "flake-utils": "flake-utils",
        "nixpkgs": [
          "nixpkgs"
        ]
      },
      "locked": {
        "lastModified": 1787535200,
        "narHash": "sha256-qDi3utpYi4LnJvxtJN92EIVXLUfrjjX2kQJ3OKULiwg=",
        "owner": "sadjow",
        "repo": "codex-cli-nix",
        "rev": "05b1b39da135e34526f898600e09e67b55d5436c",
        "type": "github"
      },
      "original": {
        "owner": "sadjow",
        "repo": "codex-cli-nix",
        "type": "github"
      }
    },
    "disko": {
      "inputs": {
        "nixpkgs": [
          "nixpkgs"
        ]
      },
      "locked": {
        "lastModified": 1781152676,
        "narHash": "sha256-RxWs5ND31KzTG7wvMM+PMfUjyNpmIEr999lqNARaM5o=",
        "owner": "nix-community",
        "repo": "disko",
        "rev": "ff8702b4de27f72b4c78573dfb89ec74e36abdf1",
        "type": "github"
      },
      "original": {
        "owner": "nix-community",
        "repo": "disko",
        "type": "github"
      }
    },
    "flake-utils": {
      "inputs": {
        "systems": "systems"
      },
      "locked": {
        "lastModified": 1731533236,
        "narHash": "sha256-l0KFg5HjrsfsO/JpG+r7fRrqm12kzFHyUHqHCVpMMbI=",
        "owner": "numtide",
        "repo": "flake-utils",
        "rev": "11707dc2f618dd54ca8739b309ec4fc024de578b",
        "type": "github"
      },
      "original": {
        "owner": "numtide",
        "repo": "flake-utils",
        "type": "github"
      }
    },
    "flake-utils_2": {
      "inputs": {
        "systems": "systems_2"
      },
      "locked": {
        "lastModified": 1731533236,
        "narHash": "sha256-l0KFg5HjrsfsO/JpG+r7fRrqm12kzFHyUHqHCVpMMbI=",
        "owner": "numtide",
        "repo": "flake-utils",
        "rev": "11707dc2f618dd54ca8739b309ec4fc024de578b",
        "type": "github"
      },
      "original": {
        "owner": "numtide",
        "repo": "flake-utils",
        "type": "github"
      }
    },
    "home-manager": {
      "inputs": {
        "nixpkgs": [
          "nixpkgs"
        ]
      },
      "locked": {
        "lastModified": 1784588016,
        "narHash": "sha256-ouZe80aWEhMLVMkqICFDN+JUw+0FJtCr/bh+hHtRtMg=",
        "owner": "nix-community",
        "repo": "home-manager",
        "rev": "deeb6b7eb7e0c44ae1819c051ce175bd92a85100",
        "type": "github"
      },
      "original": {
        "owner": "nix-community",
        "repo": "home-manager",
        "type": "github"
      }
    },
    "niri": {
      "inputs": {
        "nixpkgs": [
          "nixpkgs"
        ]
      },
      "locked": {
        "lastModified": 1787128307,
        "narHash": "sha256-dzLsp/FvMerhsjfsWtFK/BTlJ5FZwLWlhsFJRRxpmbU=",
        "owner": "YaLTeR",
        "repo": "niri",
        "rev": "b0eb8ad8c80094de34abd88c109aea421461622b",
        "type": "github"
      },
      "original": {
        "owner": "YaLTeR",
        "repo": "niri",
        "type": "github"
      }
    },
    "nix-gl": {
      "inputs": {
        "flake-utils": "flake-utils_2",
        "nixpkgs": [
          "nixpkgs"
        ]
      },
      "locked": {
        "lastModified": 1762090880,
        "narHash": "sha256-fbRQzIGPkjZa83MowjbD2ALaJf9y6KMDdJBQMKFeY/8=",
        "owner": "nix-community",
        "repo": "nixGL",
        "rev": "b6105297e6f0cd041670c3e8628394d4ee247ed5",
        "type": "github"
      },
      "original": {
        "owner": "nix-community",
        "repo": "nixGL",
        "type": "github"
      }
    },
    "nixpkgs": {
      "locked": {
        "lastModified": 1787424095,
        "narHash": "sha256-dWLO5AHhKaw6rdWCtTes8hnntT1r0/J5yhQGm0f0ZgU=",
        "owner": "NixOS",
        "repo": "nixpkgs",
        "rev": "174eb786fb68e3a13e4e535a3deea479a0c07a6a",
        "type": "github"
      },
      "original": {
        "owner": "NixOS",
        "ref": "nixpkgs-unstable",
        "repo": "nixpkgs",
        "type": "github"
      }
    },
    "nixpkgs_2": {
      "locked": {
        "lastModified": 1787964612,
        "narHash": "sha256-0N9nghg3nwzX6b6qc77EzjR9cu/Z+UR66FlfsCqiURs=",
        "owner": "nixos",
        "repo": "nixpkgs",
        "rev": "e8be7818e19ada32105a8af937a6a473b38167ca",
        "type": "github"
      },
      "original": {
        "owner": "nixos",
        "ref": "nixpkgs-unstable",
        "repo": "nixpkgs",
        "type": "github"
      }
    },
    "root": {
      "inputs": {
        "chatgpt-deb": "chatgpt-deb",
        "clipboard-sync-src": "clipboard-sync-src",
        "codex-cli-nix": "codex-cli-nix",
        "disko": "disko",
        "home-manager": "home-manager",
        "niri": "niri",
        "nix-gl": "nix-gl",
        "nixpkgs": "nixpkgs_2",
        "zen-browser": "zen-browser"
      }
    },
    "systems": {
      "locked": {
        "lastModified": 1681028828,
        "narHash": "sha256-Vy1rq5AaRuLzOxct8nz4T6wlgyUR7zLU309k9mBC768=",
        "owner": "nix-systems",
        "repo": "default",
        "rev": "da67096a3b9bf56a91d16901293e51ba5b49a27e",
        "type": "github"
      },
      "original": {
        "owner": "nix-systems",
        "repo": "default",
        "type": "github"
      }
    },
    "systems_2": {
      "locked": {
        "lastModified": 1681028828,
        "narHash": "sha256-Vy1rq5AaRuLzOxct8nz4T6wlgyUR7zLU309k9mBC768=",
        "owner": "nix-systems",
        "repo": "default",
        "rev": "da67096a3b9bf56a91d16901293e51ba5b49a27e",
        "type": "github"
      },
      "original": {
        "owner": "nix-systems",
        "repo": "default",
        "type": "github"
      }
    },
    "zen-browser": {
      "inputs": {
        "nixpkgs": [
          "nixpkgs"
        ]
      },
      "locked": {
        "lastModified": 1786685380,
        "narHash": "sha256-3ZuubfWk7CHPF/60w5BVrVkzdO7Oed1MgZ+ugLsgww8=",
        "owner": "youwen5",
        "repo": "zen-browser-flake",
        "rev": "e1e4aa6433a352f07059aeb8483ae42deb61f9b2",
        "type": "github"
      },
      "original": {
        "owner": "youwen5",
        "repo": "zen-browser-flake",
        "type": "github"
      }
    }
  },
  "root": "root",
  "version": 7
}
